
Microsoft Visual Studio Solution File, Format Version 12.00
# Visual Studio Version 17
VisualStudioVersion = 17.11.35222.181
MinimumVisualStudioVersion = 10.0.40219.1
Project("{9A19103F-16F7-4668-BE54-9A1E7A4F7556}") = "grunderMVVM", "grunderMVVM\grunderMVVM.csproj", "{3D811AA0-8F1D-44A4-83CF-160F10C32858}"
EndProject
Project("{FAE04EC0-301F-11D3-BF4B-00C04F79EFBC}") = "Yatzy", "Yatzy\Yatzy.csproj", "{1CFA76A7-52A5-4C69-A743-9B7AC9FA3875}"
EndProject
Global
	GlobalSection(SolutionConfigurationPlatforms) = preSolution
		Debug|Any CPU = Debug|Any CPU
		Release|Any CPU = Release|Any CPU
	EndGlobalSection
	GlobalSection(ProjectConfigurationPlatforms) = postSolution
		{3D811AA0-8F1D-44A4-83CF-160F10C32858}.Debug|Any CPU.ActiveCfg = Debug|Any CPU
		{3D811AA0-8F1D-44A4-83CF-160F10C32858}.Debug|Any CPU.Build.0 = Debug|Any CPU
		{3D811AA0-8F1D-44A4-83CF-160F10C32858}.Release|Any CPU.ActiveCfg = Release|Any CPU
		{3D811AA0-8F1D-44A4-83CF-160F10C32858}.Release|Any CPU.Build.0 = Release|Any CPU
		{1CFA76A7-52A5-4C69-A743-9B7AC9FA3875}.Debug|Any CPU.ActiveCfg = Debug|Any CPU
		{1CFA76A7-52A5-4C69-A743-9B7AC9FA3875}.Debug|Any CPU.Build.0 = Debug|Any CPU
		{1CFA76A7-52A5-4C69-A743-9B7AC9FA3875}.Release|Any CPU.ActiveCfg = Release|Any CPU
		{1CFA76A7-52A5-4C69-A743-9B7AC9FA3875}.Release|Any CPU.Build.0 = Release|Any CPU
	EndGlobalSection
	GlobalSection(SolutionProperties) = preSolution
		HideSolutionNode = FALSE
	EndGlobalSection
	GlobalSection(ExtensibilityGlobals) = postSolution
		SolutionGuid = {40216066-45C7-4FE9-B31F-847A4E64B1E0}
	EndGlobalSection
EndGlobal
